
Microsoft Visual Studio Solution File, Format Version 12.00
# Visual Studio 15
VisualStudioVersion = 15.0.28307.645
MinimumVisualStudioVersion = 10.0.40219.1
Project("{888888A0-9F3D-457C-B088-3A5042F75D52}") = "TestingPyTorch", "TestingPyTorch\TestingPyTorch.pyproj", "{C8EA7E15-6C01-49A1-BF1D-4397BE4FC7A0}"
EndProject
Project("{2150E333-8FDC-42A3-9474-1A3956D46DE8}") = "Data", "Data", "{21EA1ABF-A8F9-4844-8B9F-4666CA008D9F}"
	ProjectSection(SolutionItems) = preProject
		D:\training data\person1\000001.jpg = D:\training data\person1\000001.jpg
		D:\training data\person1\000001.xml = D:\training data\person1\000001.xml
		D:\training data\person1\000002.jpg = D:\training data\person1\000002.jpg
		D:\training data\person1\000002.xml = D:\training data\person1\000002.xml
		D:\training data\person1\000003.jpg = D:\training data\person1\000003.jpg
		D:\training data\person1\000003.xml = D:\training data\person1\000003.xml
		D:\training data\person1\000004.jpg = D:\training data\person1\000004.jpg
		D:\training data\person1\000004.xml = D:\training data\person1\000004.xml
	EndProjectSection
EndProject
Global
	GlobalSection(SolutionConfigurationPlatforms) = preSolution
		Debug|Any CPU = Debug|Any CPU
		Release|Any CPU = Release|Any CPU
	EndGlobalSection
	GlobalSection(ProjectConfigurationPlatforms) = postSolution
		{C8EA7E15-6C01-49A1-BF1D-4397BE4FC7A0}.Debug|Any CPU.ActiveCfg = Debug|Any CPU
		{C8EA7E15-6C01-49A1-BF1D-4397BE4FC7A0}.Release|Any CPU.ActiveCfg = Release|Any CPU
	EndGlobalSection
	GlobalSection(SolutionProperties) = preSolution
		HideSolutionNode = FALSE
	EndGlobalSection
	GlobalSection(ExtensibilityGlobals) = postSolution
		SolutionGuid = {A355CDFD-656F-4ACA-9C85-D38028FEAF48}
	EndGlobalSection
EndGlobal
